
Microsoft Visual Studio Solution File, Format Version 12.00
# Visual Studio Version 16
VisualStudioVersion = 16.0.29728.190
MinimumVisualStudioVersion = 10.0.40219.1
Project("{9A19103F-16F7-4668-BE54-9A1E7A4F7556}") = "GSCrm", "GSCrm\GSCrm.csproj", "{3A632577-0FFA-400A-98FF-6DAF5A925DAD}"
EndProject
Global
	GlobalSection(SolutionConfigurationPlatforms) = preSolution
		Debug|Any CPU = Debug|Any CPU
		Release|Any CPU = Release|Any CPU
	EndGlobalSection
	GlobalSection(ProjectConfigurationPlatforms) = postSolution
		{3A632577-0FFA-400A-98FF-6DAF5A925DAD}.Debug|Any CPU.ActiveCfg = Debug|Any CPU
		{3A632577-0FFA-400A-98FF-6DAF5A925DAD}.Debug|Any CPU.Build.0 = Debug|Any CPU
		{3A632577-0FFA-400A-98FF-6DAF5A925DAD}.Release|Any CPU.ActiveCfg = Release|Any CPU
		{3A632577-0FFA-400A-98FF-6DAF5A925DAD}.Release|Any CPU.Build.0 = Release|Any CPU
	EndGlobalSection
	GlobalSection(SolutionProperties) = preSolution
		HideSolutionNode = FALSE
	EndGlobalSection
	GlobalSection(ExtensibilityGlobals) = postSolution
		SolutionGuid = {FE181164-652D-4296-9D2D-D1729ECCE51D}
	EndGlobalSection
EndGlobal
